// !$*UTF8*$!
{
	archiveVersion = 1;
	classes = {
	};
	objectVersion = 50;
	objects = {

/* Begin PBXBuildFile section */
		2BA8CD7BEE543CBC93B14AA5 /* Pods_ios_testTests.framework in Frameworks */ = {isa = PBXBuildFile; fileRef = 65CA42FF45E3579F19C20CE7 /* Pods_ios_testTests.framework */; };
		893510372230DBD2000C8983 /* AppDelegate.swift in Sources */ = {isa = PBXBuildFile; fileRef = 893510362230DBD2000C8983 /* AppDelegate.swift */; };
		8935103C2230DBD2000C8983 /* Main.storyboard in Resources */ = {isa = PBXBuildFile; fileRef = 8935103A2230DBD2000C8983 /* Main.storyboard */; };
		8935103E2230DBD5000C8983 /* Assets.xcassets in Resources */ = {isa = PBXBuildFile; fileRef = 8935103D2230DBD5000C8983 /* Assets.xcassets */; };
		893510412230DBD5000C8983 /* LaunchScreen.storyboard in Resources */ = {isa = PBXBuildFile; fileRef = 8935103F2230DBD5000C8983 /* LaunchScreen.storyboard */; };
		893510492230DC8D000C8983 /* PodFile in Resources */ = {isa = PBXBuildFile; fileRef = 893510482230DC8D000C8983 /* PodFile */; };
		8935104C2230DD4D000C8983 /* Constants.swift in Sources */ = {isa = PBXBuildFile; fileRef = 8935104B2230DD4D000C8983 /* Constants.swift */; };
		8935104E2230DDD6000C8983 /* CustomExtension.swift in Sources */ = {isa = PBXBuildFile; fileRef = 8935104D2230DDD6000C8983 /* CustomExtension.swift */; };
		893510512230DFE6000C8983 /* BaseRestAPI.swift in Sources */ = {isa = PBXBuildFile; fileRef = 893510502230DFE6000C8983 /* BaseRestAPI.swift */; };
		893510562230E03E000C8983 /* UserContent.swift in Sources */ = {isa = PBXBuildFile; fileRef = 893510552230E03E000C8983 /* UserContent.swift */; };
		8935105D2230E2CC000C8983 /* UserContentListViewController.swift in Sources */ = {isa = PBXBuildFile; fileRef = 8935105C2230E2CC000C8983 /* UserContentListViewController.swift */; };
		893510602230E2F5000C8983 /* UserContentListTableViewCell.swift in Sources */ = {isa = PBXBuildFile; fileRef = 8935105F2230E2F5000C8983 /* UserContentListTableViewCell.swift */; };
		893510632230E3C6000C8983 /* BaseViewController.swift in Sources */ = {isa = PBXBuildFile; fileRef = 893510622230E3C6000C8983 /* BaseViewController.swift */; };
		893510662230E522000C8983 /* AppManager.swift in Sources */ = {isa = PBXBuildFile; fileRef = 893510652230E522000C8983 /* AppManager.swift */; };
		8935106E22310D36000C8983 /* ios_testTests.swift in Sources */ = {isa = PBXBuildFile; fileRef = 8935106D22310D36000C8983 /* ios_testTests.swift */; };
		893510782231407F000C8983 /* APIResponseCheck.swift in Sources */ = {isa = PBXBuildFile; fileRef = 893510772231407F000C8983 /* APIResponseCheck.swift */; };
		89C63827223CA67A00B57B69 /* Observable.swift in Sources */ = {isa = PBXBuildFile; fileRef = 89C63826223CA67A00B57B69 /* Observable.swift */; };
		89C6382B223CAA8E00B57B69 /* UserContentAPI.swift in Sources */ = {isa = PBXBuildFile; fileRef = 89C6382A223CAA8E00B57B69 /* UserContentAPI.swift */; };
		89C6382D223D256C00B57B69 /* UserContentViewModel.swift in Sources */ = {isa = PBXBuildFile; fileRef = 89C6382C223D256B00B57B69 /* UserContentViewModel.swift */; };
		89C6382F223D25A600B57B69 /* CellViewModel.swift in Sources */ = {isa = PBXBuildFile; fileRef = 89C6382E223D25A600B57B69 /* CellViewModel.swift */; };
		F9AB183561CE5FF57CB198E9 /* Pods_ios_test.framework in Frameworks */ = {isa = PBXBuildFile; fileRef = CA115DF5A5FDA5214625B159 /* Pods_ios_test.framework */; };
/* End PBXBuildFile section */

/* Begin PBXContainerItemProxy section */
		8935107022310D36000C8983 /* PBXContainerItemProxy */ = {
			isa = PBXContainerItemProxy;
			containerPortal = 8935102B2230DBD2000C8983 /* Project object */;
			proxyType = 1;
			remoteGlobalIDString = 893510322230DBD2000C8983;
			remoteInfo = ios_test;
		};
/* End PBXContainerItemProxy section */

/* Begin PBXFileReference section */
		04A5B38761860BF0004490A8 /* Pods-ios_testTests.debug.xcconfig */ = {isa = PBXFileReference; includeInIndex = 1; lastKnownFileType = text.xcconfig; name = "Pods-ios_testTests.debug.xcconfig"; path = "Pods/Target Support Files/Pods-ios_testTests/Pods-ios_testTests.debug.xcconfig"; sourceTree = "<group>"; };
		0F347215D5F95B449B90452F /* Pods-ios_testTests.release.xcconfig */ = {isa = PBXFileReference; includeInIndex = 1; lastKnownFileType = text.xcconfig; name = "Pods-ios_testTests.release.xcconfig"; path = "Pods/Target Support Files/Pods-ios_testTests/Pods-ios_testTests.release.xcconfig"; sourceTree = "<group>"; };
		3D2CA49BE0BE9296E0948BC3 /* Pods-ios_test.release.xcconfig */ = {isa = PBXFileReference; includeInIndex = 1; lastKnownFileType = text.xcconfig; name = "Pods-ios_test.release.xcconfig"; path = "Pods/Target Support Files/Pods-ios_test/Pods-ios_test.release.xcconfig"; sourceTree = "<group>"; };
		65CA42FF45E3579F19C20CE7 /* Pods_ios_testTests.framework */ = {isa = PBXFileReference; explicitFileType = wrapper.framework; includeInIndex = 0; path = Pods_ios_testTests.framework; sourceTree = BUILT_PRODUCTS_DIR; };
		893510332230DBD2000C8983 /* ios_test.app */ = {isa = PBXFileReference; explicitFileType = wrapper.application; includeInIndex = 0; path = ios_test.app; sourceTree = BUILT_PRODUCTS_DIR; };
		893510362230DBD2000C8983 /* AppDelegate.swift */ = {isa = PBXFileReference; lastKnownFileType = sourcecode.swift; path = AppDelegate.swift; sourceTree = "<group>"; };
		8935103B2230DBD2000C8983 /* Base */ = {isa = PBXFileReference; lastKnownFileType = file.storyboard; name = Base; path = Base.lproj/Main.storyboard; sourceTree = "<group>"; };
		8935103D2230DBD5000C8983 /* Assets.xcassets */ = {isa = PBXFileReference; lastKnownFileType = folder.assetcatalog; path = Assets.xcassets; sourceTree = "<group>"; };
		893510402230DBD5000C8983 /* Base */ = {isa = PBXFileReference; lastKnownFileType = file.storyboard; name = Base; path = Base.lproj/LaunchScreen.storyboard; sourceTree = "<group>"; };
		893510422230DBD5000C8983 /* Info.plist */ = {isa = PBXFileReference; lastKnownFileType = text.plist.xml; path = Info.plist; sourceTree = "<group>"; };
		893510482230DC8D000C8983 /* PodFile */ = {isa = PBXFileReference; lastKnownFileType = text; path = PodFile; sourceTree = "<group>"; };
		8935104B2230DD4D000C8983 /* Constants.swift */ = {isa = PBXFileReference; lastKnownFileType = sourcecode.swift; path = Constants.swift; sourceTree = "<group>"; };
		8935104D2230DDD6000C8983 /* CustomExtension.swift */ = {isa = PBXFileReference; lastKnownFileType = sourcecode.swift; path = CustomExtension.swift; sourceTree = "<group>"; };
		893510502230DFE6000C8983 /* BaseRestAPI.swift */ = {isa = PBXFileReference; lastKnownFileType = sourcecode.swift; path = BaseRestAPI.swift; sourceTree = "<group>"; };
		893510552230E03E000C8983 /* UserContent.swift */ = {isa = PBXFileReference; lastKnownFileType = sourcecode.swift; path = UserContent.swift; sourceTree = "<group>"; };
		8935105C2230E2CC000C8983 /* UserContentListViewController.swift */ = {isa = PBXFileReference; lastKnownFileType = sourcecode.swift; path = UserContentListViewController.swift; sourceTree = "<group>"; };
		8935105F2230E2F5000C8983 /* UserContentListTableViewCell.swift */ = {isa = PBXFileReference; lastKnownFileType = sourcecode.swift; path = UserContentListTableViewCell.swift; sourceTree = "<group>"; };
		893510622230E3C6000C8983 /* BaseViewController.swift */ = {isa = PBXFileReference; lastKnownFileType = sourcecode.swift; path = BaseViewController.swift; sourceTree = "<group>"; };
		893510652230E522000C8983 /* AppManager.swift */ = {isa = PBXFileReference; lastKnownFileType = sourcecode.swift; path = AppManager.swift; sourceTree = "<group>"; };
		8935106B22310D36000C8983 /* ios_testTests.xctest */ = {isa = PBXFileReference; explicitFileType = wrapper.cfbundle; includeInIndex = 0; path = ios_testTests.xctest; sourceTree = BUILT_PRODUCTS_DIR; };
		8935106D22310D36000C8983 /* ios_testTests.swift */ = {isa = PBXFileReference; lastKnownFileType = sourcecode.swift; path = ios_testTests.swift; sourceTree = "<group>"; };
		8935106F22310D36000C8983 /* Info.plist */ = {isa = PBXFileReference; lastKnownFileType = text.plist.xml; path = Info.plist; sourceTree = "<group>"; };
		893510772231407F000C8983 /* APIResponseCheck.swift */ = {isa = PBXFileReference; lastKnownFileType = sourcecode.swift; path = APIResponseCheck.swift; sourceTree = "<group>"; };
		89C63826223CA67A00B57B69 /* Observable.swift */ = {isa = PBXFileReference; lastKnownFileType = sourcecode.swift; path = Observable.swift; sourceTree = "<group>"; };
		89C6382A223CAA8E00B57B69 /* UserContentAPI.swift */ = {isa = PBXFileReference; lastKnownFileType = sourcecode.swift; path = UserContentAPI.swift; sourceTree = "<group>"; };
		89C6382C223D256B00B57B69 /* UserContentViewModel.swift */ = {isa = PBXFileReference; fileEncoding = 4; lastKnownFileType = sourcecode.swift; path = UserContentViewModel.swift; sourceTree = "<group>"; };
		89C6382E223D25A600B57B69 /* CellViewModel.swift */ = {isa = PBXFileReference; lastKnownFileType = sourcecode.swift; path = CellViewModel.swift; sourceTree = "<group>"; };
		C1E526318CFEA9EE0822AFBD /* Pods-ios_test.debug.xcconfig */ = {isa = PBXFileReference; includeInIndex = 1; lastKnownFileType = text.xcconfig; name = "Pods-ios_test.debug.xcconfig"; path = "Pods/Target Support Files/Pods-ios_test/Pods-ios_test.debug.xcconfig"; sourceTree = "<group>"; };
		CA115DF5A5FDA5214625B159 /* Pods_ios_test.framework */ = {isa = PBXFileReference; explicitFileType = wrapper.framework; includeInIndex = 0; path = Pods_ios_test.framework; sourceTree = BUILT_PRODUCTS_DIR; };
/* End PBXFileReference section */

/* Begin PBXFrameworksBuildPhase section */
		893510302230DBD2000C8983 /* Frameworks */ = {
			isa = PBXFrameworksBuildPhase;
			buildActionMask = 2147483647;
			files = (
				F9AB183561CE5FF57CB198E9 /* Pods_ios_test.framework in Frameworks */,
			);
			runOnlyForDeploymentPostprocessing = 0;
		};
		8935106822310D36000C8983 /* Frameworks */ = {
			isa = PBXFrameworksBuildPhase;
			buildActionMask = 2147483647;
			files = (
				2BA8CD7BEE543CBC93B14AA5 /* Pods_ios_testTests.framework in Frameworks */,
			);
			runOnlyForDeploymentPostprocessing = 0;
		};
/* End PBXFrameworksBuildPhase section */

/* Begin PBXGroup section */
		566A8876676B343CE349BBA3 /* Pods */ = {
			isa = PBXGroup;
			children = (
				C1E526318CFEA9EE0822AFBD /* Pods-ios_test.debug.xcconfig */,
				3D2CA49BE0BE9296E0948BC3 /* Pods-ios_test.release.xcconfig */,
				04A5B38761860BF0004490A8 /* Pods-ios_testTests.debug.xcconfig */,
				0F347215D5F95B449B90452F /* Pods-ios_testTests.release.xcconfig */,
			);
			name = Pods;
			sourceTree = "<group>";
		};
		8935102A2230DBD2000C8983 = {
			isa = PBXGroup;
			children = (
				893510482230DC8D000C8983 /* PodFile */,
				893510352230DBD2000C8983 /* ios_test */,
				8935106C22310D36000C8983 /* ios_testTests */,
				893510342230DBD2000C8983 /* Products */,
				566A8876676B343CE349BBA3 /* Pods */,
				F07F34F2731E19B44CA0FE76 /* Frameworks */,
			);
			sourceTree = "<group>";
		};
		893510342230DBD2000C8983 /* Products */ = {
			isa = PBXGroup;
			children = (
				893510332230DBD2000C8983 /* ios_test.app */,
				8935106B22310D36000C8983 /* ios_testTests.xctest */,
			);
			name = Products;
			sourceTree = "<group>";
		};
		893510352230DBD2000C8983 /* ios_test */ = {
			isa = PBXGroup;
			children = (
				8935104A2230DD17000C8983 /* Constants */,
				893510642230E506000C8983 /* App Manager */,
				89C63825223CA4C400B57B69 /* Base */,
				893510572230E098000C8983 /* ViewModel */,
				893510542230E02A000C8983 /* Model */,
				8935104F2230DFC5000C8983 /* API Manager */,
				8935105E2230E2D8000C8983 /* View */,
				8935105A2230E28B000C8983 /* Controllers */,
				893510362230DBD2000C8983 /* AppDelegate.swift */,
				8935103A2230DBD2000C8983 /* Main.storyboard */,
				8935103D2230DBD5000C8983 /* Assets.xcassets */,
				8935103F2230DBD5000C8983 /* LaunchScreen.storyboard */,
				893510422230DBD5000C8983 /* Info.plist */,
			);
			path = ios_test;
			sourceTree = "<group>";
		};
		8935104A2230DD17000C8983 /* Constants */ = {
			isa = PBXGroup;
			children = (
				8935104B2230DD4D000C8983 /* Constants.swift */,
				8935104D2230DDD6000C8983 /* CustomExtension.swift */,
			);
			path = Constants;
			sourceTree = "<group>";
		};
		8935104F2230DFC5000C8983 /* API Manager */ = {
			isa = PBXGroup;
			children = (
				893510502230DFE6000C8983 /* BaseRestAPI.swift */,
				89C6382A223CAA8E00B57B69 /* UserContentAPI.swift */,
			);
			path = "API Manager";
			sourceTree = "<group>";
		};
		893510542230E02A000C8983 /* Model */ = {
			isa = PBXGroup;
			children = (
				893510552230E03E000C8983 /* UserContent.swift */,
			);
			path = Model;
			sourceTree = "<group>";
		};
		893510572230E098000C8983 /* ViewModel */ = {
			isa = PBXGroup;
			children = (
				89C6382C223D256B00B57B69 /* UserContentViewModel.swift */,
				89C6382E223D25A600B57B69 /* CellViewModel.swift */,
			);
			path = ViewModel;
			sourceTree = "<group>";
		};
		8935105A2230E28B000C8983 /* Controllers */ = {
			isa = PBXGroup;
			children = (
				893510612230E3AE000C8983 /* Base Controller */,
				8935105B2230E2AF000C8983 /* UserContent List */,
			);
			path = Controllers;
			sourceTree = "<group>";
		};
		8935105B2230E2AF000C8983 /* UserContent List */ = {
			isa = PBXGroup;
			children = (
				8935105C2230E2CC000C8983 /* UserContentListViewController.swift */,
			);
			path = "UserContent List";
			sourceTree = "<group>";
		};
		8935105E2230E2D8000C8983 /* View */ = {
			isa = PBXGroup;
			children = (
				8935105F2230E2F5000C8983 /* UserContentListTableViewCell.swift */,
			);
			path = View;
			sourceTree = "<group>";
		};
		893510612230E3AE000C8983 /* Base Controller */ = {
			isa = PBXGroup;
			children = (
				893510622230E3C6000C8983 /* BaseViewController.swift */,
			);
			path = "Base Controller";
			sourceTree = "<group>";
		};
		893510642230E506000C8983 /* App Manager */ = {
			isa = PBXGroup;
			children = (
				893510652230E522000C8983 /* AppManager.swift */,
			);
			path = "App Manager";
			sourceTree = "<group>";
		};
		8935106C22310D36000C8983 /* ios_testTests */ = {
			isa = PBXGroup;
			children = (
				8935106D22310D36000C8983 /* ios_testTests.swift */,
				893510772231407F000C8983 /* APIResponseCheck.swift */,
				8935106F22310D36000C8983 /* Info.plist */,
			);
			path = ios_testTests;
			sourceTree = "<group>";
		};
		89C63825223CA4C400B57B69 /* Base */ = {
			isa = PBXGroup;
			children = (
				89C63826223CA67A00B57B69 /* Observable.swift */,
			);
			path = Base;
			sourceTree = "<group>";
		};
		F07F34F2731E19B44CA0FE76 /* Frameworks */ = {
			isa = PBXGroup;
			children = (
				CA115DF5A5FDA5214625B159 /* Pods_ios_test.framework */,
				65CA42FF45E3579F19C20CE7 /* Pods_ios_testTests.framework */,
			);
			name = Frameworks;
			sourceTree = "<group>";
		};
/* End PBXGroup section */

/* Begin PBXNativeTarget section */
		893510322230DBD2000C8983 /* ios_test */ = {
			isa = PBXNativeTarget;
			buildConfigurationList = 893510452230DBD5000C8983 /* Build configuration list for PBXNativeTarget "ios_test" */;
			buildPhases = (
				98AE060C27F356FEF3CF6FD5 /* [CP] Check Pods Manifest.lock */,
				8935102F2230DBD2000C8983 /* Sources */,
				893510302230DBD2000C8983 /* Frameworks */,
				893510312230DBD2000C8983 /* Resources */,
				97DD9688471612DEA28A1B18 /* [CP] Embed Pods Frameworks */,
			);
			buildRules = (
			);
			dependencies = (
			);
			name = ios_test;
			productName = ios_test;
			productReference = 893510332230DBD2000C8983 /* ios_test.app */;
			productType = "com.apple.product-type.application";
		};
		8935106A22310D36000C8983 /* ios_testTests */ = {
			isa = PBXNativeTarget;
			buildConfigurationList = 8935107422310D36000C8983 /* Build configuration list for PBXNativeTarget "ios_testTests" */;
			buildPhases = (
				E9AC2A9AAF5370C21A06F1E3 /* [CP] Check Pods Manifest.lock */,
				8935106722310D36000C8983 /* Sources */,
				8935106822310D36000C8983 /* Frameworks */,
				8935106922310D36000C8983 /* Resources */,
			);
			buildRules = (
			);
			dependencies = (
				8935107122310D36000C8983 /* PBXTargetDependency */,
			);
			name = ios_testTests;
			productName = ios_testTests;
			productReference = 8935106B22310D36000C8983 /* ios_testTests.xctest */;
			productType = "com.apple.product-type.bundle.unit-test";
		};
/* End PBXNativeTarget section */

/* Begin PBXProject section */
		8935102B2230DBD2000C8983 /* Project object */ = {
			isa = PBXProject;
			attributes = {
				LastSwiftUpdateCheck = 1010;
				LastUpgradeCheck = 1010;
				ORGANIZATIONNAME = "Om Gore";
				TargetAttributes = {
					893510322230DBD2000C8983 = {
						CreatedOnToolsVersion = 10.1;
					};
					8935106A22310D36000C8983 = {
						CreatedOnToolsVersion = 10.1;
						TestTargetID = 893510322230DBD2000C8983;
					};
				};
			};
			buildConfigurationList = 8935102E2230DBD2000C8983 /* Build configuration list for PBXProject "ios_test" */;
			compatibilityVersion = "Xcode 9.3";
			developmentRegion = en;
			hasScannedForEncodings = 0;
			knownRegions = (
				en,
				Base,
			);
			mainGroup = 8935102A2230DBD2000C8983;
			productRefGroup = 893510342230DBD2000C8983 /* Products */;
			projectDirPath = "";
			projectRoot = "";
			targets = (
				893510322230DBD2000C8983 /* ios_test */,
				8935106A22310D36000C8983 /* ios_testTests */,
			);
		};
/* End PBXProject section */

/* Begin PBXResourcesBuildPhase section */
		893510312230DBD2000C8983 /* Resources */ = {
			isa = PBXResourcesBuildPhase;
			buildActionMask = 2147483647;
			files = (
				893510412230DBD5000C8983 /* LaunchScreen.storyboard in Resources */,
				8935103E2230DBD5000C8983 /* Assets.xcassets in Resources */,
				893510492230DC8D000C8983 /* PodFile in Resources */,
				8935103C2230DBD2000C8983 /* Main.storyboard in Resources */,
			);
			runOnlyForDeploymentPostprocessing = 0;
		};
		8935106922310D36000C8983 /* Resources */ = {
			isa = PBXResourcesBuildPhase;
			buildActionMask = 2147483647;
			files = (
			);
			runOnlyForDeploymentPostprocessing = 0;
		};
/* End PBXResourcesBuildPhase section */

/* Begin PBXShellScriptBuildPhase section */
		97DD9688471612DEA28A1B18 /* [CP] Embed Pods Frameworks */ = {
			isa = PBXShellScriptBuildPhase;
			buildActionMask = 2147483647;
			files = (
			);
			inputPaths = (
				"${SRCROOT}/Pods/Target Support Files/Pods-ios_test/Pods-ios_test-frameworks.sh",
				"${BUILT_PRODUCTS_DIR}/Alamofire/Alamofire.framework",
				"${BUILT_PRODUCTS_DIR}/AlamofireImage/AlamofireImage.framework",
				"${BUILT_PRODUCTS_DIR}/SnapKit/SnapKit.framework",
			);
			name = "[CP] Embed Pods Frameworks";
			outputPaths = (
				"${TARGET_BUILD_DIR}/${FRAMEWORKS_FOLDER_PATH}/Alamofire.framework",
				"${TARGET_BUILD_DIR}/${FRAMEWORKS_FOLDER_PATH}/AlamofireImage.framework",
				"${TARGET_BUILD_DIR}/${FRAMEWORKS_FOLDER_PATH}/SnapKit.framework",
			);
			runOnlyForDeploymentPostprocessing = 0;
			shellPath = /bin/sh;
			shellScript = "\"${SRCROOT}/Pods/Target Support Files/Pods-ios_test/Pods-ios_test-frameworks.sh\"\n";
			showEnvVarsInLog = 0;
		};
		98AE060C27F356FEF3CF6FD5 /* [CP] Check Pods Manifest.lock */ = {
			isa = PBXShellScriptBuildPhase;
			buildActionMask = 2147483647;
			files = (
			);
			inputPaths = (
				"${PODS_PODFILE_DIR_PATH}/Podfile.lock",
				"${PODS_ROOT}/Manifest.lock",
			);
			name = "[CP] Check Pods Manifest.lock";
			outputPaths = (
				"$(DERIVED_FILE_DIR)/Pods-ios_test-checkManifestLockResult.txt",
			);
			runOnlyForDeploymentPostprocessing = 0;
			shellPath = /bin/sh;
			shellScript = "diff \"${PODS_PODFILE_DIR_PATH}/Podfile.lock\" \"${PODS_ROOT}/Manifest.lock\" > /dev/null\nif [ $? != 0 ] ; then\n    # print error to STDERR\n    echo \"error: The sandbox is not in sync with the Podfile.lock. Run 'pod install' or update your CocoaPods installation.\" >&2\n    exit 1\nfi\n# This output is used by Xcode 'outputs' to avoid re-running this script phase.\necho \"SUCCESS\" > \"${SCRIPT_OUTPUT_FILE_0}\"\n";
			showEnvVarsInLog = 0;
		};
		E9AC2A9AAF5370C21A06F1E3 /* [CP] Check Pods Manifest.lock */ = {
			isa = PBXShellScriptBuildPhase;
			buildActionMask = 2147483647;
			files = (
			);
			inputPaths = (
				"${PODS_PODFILE_DIR_PATH}/Podfile.lock",
				"${PODS_ROOT}/Manifest.lock",
			);
			name = "[CP] Check Pods Manifest.lock";
			outputPaths = (
				"$(DERIVED_FILE_DIR)/Pods-ios_testTests-checkManifestLockResult.txt",
			);
			runOnlyForDeploymentPostprocessing = 0;
			shellPath = /bin/sh;
			shellScript = "diff \"${PODS_PODFILE_DIR_PATH}/Podfile.lock\" \"${PODS_ROOT}/Manifest.lock\" > /dev/null\nif [ $? != 0 ] ; then\n    # print error to STDERR\n    echo \"error: The sandbox is not in sync with the Podfile.lock. Run 'pod install' or update your CocoaPods installation.\" >&2\n    exit 1\nfi\n# This output is used by Xcode 'outputs' to avoid re-running this script phase.\necho \"SUCCESS\" > \"${SCRIPT_OUTPUT_FILE_0}\"\n";
			showEnvVarsInLog = 0;
		};
/* End PBXShellScriptBuildPhase section */

/* Begin PBXSourcesBuildPhase section */
		8935102F2230DBD2000C8983 /* Sources */ = {
			isa = PBXSourcesBuildPhase;
			buildActionMask = 2147483647;
			files = (
				893510562230E03E000C8983 /* UserContent.swift in Sources */,
				8935104E2230DDD6000C8983 /* CustomExtension.swift in Sources */,
				89C6382B223CAA8E00B57B69 /* UserContentAPI.swift in Sources */,
				8935105D2230E2CC000C8983 /* UserContentListViewController.swift in Sources */,
				89C63827223CA67A00B57B69 /* Observable.swift in Sources */,
				893510602230E2F5000C8983 /* UserContentListTableViewCell.swift in Sources */,
				893510632230E3C6000C8983 /* BaseViewController.swift in Sources */,
				893510662230E522000C8983 /* AppManager.swift in Sources */,
				89C6382D223D256C00B57B69 /* UserContentViewModel.swift in Sources */,
				893510372230DBD2000C8983 /* AppDelegate.swift in Sources */,
				8935104C2230DD4D000C8983 /* Constants.swift in Sources */,
				89C6382F223D25A600B57B69 /* CellViewModel.swift in Sources */,
				893510512230DFE6000C8983 /* BaseRestAPI.swift in Sources */,
			);
			runOnlyForDeploymentPostprocessing = 0;
		};
		8935106722310D36000C8983 /* Sources */ = {
			isa = PBXSourcesBuildPhase;
			buildActionMask = 2147483647;
			files = (
				893510782231407F000C8983 /* APIResponseCheck.swift in Sources */,
				8935106E22310D36000C8983 /* ios_testTests.swift in Sources */,
			);
			runOnlyForDeploymentPostprocessing = 0;
		};
/* End PBXSourcesBuildPhase section */

/* Begin PBXTargetDependency section */
		8935107122310D36000C8983 /* PBXTargetDependency */ = {
			isa = PBXTargetDependency;
			target = 893510322230DBD2000C8983 /* ios_test */;
			targetProxy = 8935107022310D36000C8983 /* PBXContainerItemProxy */;
		};
/* End PBXTargetDependency section */

/* Begin PBXVariantGroup section */
		8935103A2230DBD2000C8983 /* Main.storyboard */ = {
			isa = PBXVariantGroup;
			children = (
				8935103B2230DBD2000C8983 /* Base */,
			);
			name = Main.storyboard;
			sourceTree = "<group>";
		};
		8935103F2230DBD5000C8983 /* LaunchScreen.storyboard */ = {
			isa = PBXVariantGroup;
			children = (
				893510402230DBD5000C8983 /* Base */,
			);
			name = LaunchScreen.storyboard;
			sourceTree = "<group>";
		};
/* End PBXVariantGroup section */

/* Begin XCBuildConfiguration section */
		893510432230DBD5000C8983 /* Debug */ = {
			isa = XCBuildConfiguration;
			buildSettings = {
				ALWAYS_SEARCH_USER_PATHS = NO;
				CLANG_ANALYZER_NONNULL = YES;
				CLANG_ANALYZER_NUMBER_OBJECT_CONVERSION = YES_AGGRESSIVE;
				CLANG_CXX_LANGUAGE_STANDARD = "gnu++14";
				CLANG_CXX_LIBRARY = "libc++";
				CLANG_ENABLE_MODULES = YES;
				CLANG_ENABLE_OBJC_ARC = YES;
				CLANG_ENABLE_OBJC_WEAK = YES;
				CLANG_WARN_BLOCK_CAPTURE_AUTORELEASING = YES;
				CLANG_WARN_BOOL_CONVERSION = YES;
				CLANG_WARN_COMMA = YES;
				CLANG_WARN_CONSTANT_CONVERSION = YES;
				CLANG_WARN_DEPRECATED_OBJC_IMPLEMENTATIONS = YES;
				CLANG_WARN_DIRECT_OBJC_ISA_USAGE = YES_ERROR;
				CLANG_WARN_DOCUMENTATION_COMMENTS = YES;
				CLANG_WARN_EMPTY_BODY = YES;
				CLANG_WARN_ENUM_CONVERSION = YES;
				CLANG_WARN_INFINITE_RECURSION = YES;
				CLANG_WARN_INT_CONVERSION = YES;
				CLANG_WARN_NON_LITERAL_NULL_CONVERSION = YES;
				CLANG_WARN_OBJC_IMPLICIT_RETAIN_SELF = YES;
				CLANG_WARN_OBJC_LITERAL_CONVERSION = YES;
				CLANG_WARN_OBJC_ROOT_CLASS = YES_ERROR;
				CLANG_WARN_RANGE_LOOP_ANALYSIS = YES;
				CLANG_WARN_STRICT_PROTOTYPES = YES;
				CLANG_WARN_SUSPICIOUS_MOVE = YES;
				CLANG_WARN_UNGUARDED_AVAILABILITY = YES_AGGRESSIVE;
				CLANG_WARN_UNREACHABLE_CODE = YES;
				CLANG_WARN__DUPLICATE_METHOD_MATCH = YES;
				CODE_SIGN_IDENTITY = "iPhone Developer";
				COPY_PHASE_STRIP = NO;
				DEBUG_INFORMATION_FORMAT = dwarf;
				ENABLE_STRICT_OBJC_MSGSEND = YES;
				ENABLE_TESTABILITY = YES;
				GCC_C_LANGUAGE_STANDARD = gnu11;
				GCC_DYNAMIC_NO_PIC = NO;
				GCC_NO_COMMON_BLOCKS = YES;
				GCC_OPTIMIZATION_LEVEL = 0;
				GCC_PREPROCESSOR_DEFINITIONS = (
					"DEBUG=1",
					"$(inherited)",
				);
				GCC_WARN_64_TO_32_BIT_CONVERSION = YES;
				GCC_WARN_ABOUT_RETURN_TYPE = YES_ERROR;
				GCC_WARN_UNDECLARED_SELECTOR = YES;
				GCC_WARN_UNINITIALIZED_AUTOS = YES_AGGRESSIVE;
				GCC_WARN_UNUSED_FUNCTION = YES;
				GCC_WARN_UNUSED_VARIABLE = YES;
				IPHONEOS_DEPLOYMENT_TARGET = 12.1;
				MTL_ENABLE_DEBUG_INFO = INCLUDE_SOURCE;
				MTL_FAST_MATH = YES;
				ONLY_ACTIVE_ARCH = YES;
				SDKROOT = iphoneos;
				SWIFT_ACTIVE_COMPILATION_CONDITIONS = DEBUG;
				SWIFT_OPTIMIZATION_LEVEL = "-Onone";
			};
			name = Debug;
		};
		893510442230DBD5000C8983 /* Release */ = {
			isa = XCBuildConfiguration;
			buildSettings = {
				ALWAYS_SEARCH_USER_PATHS = NO;
				CLANG_ANALYZER_NONNULL = YES;
				CLANG_ANALYZER_NUMBER_OBJECT_CONVERSION = YES_AGGRESSIVE;
				CLANG_CXX_LANGUAGE_STANDARD = "gnu++14";
				CLANG_CXX_LIBRARY = "libc++";
				CLANG_ENABLE_MODULES = YES;
				CLANG_ENABLE_OBJC_ARC = YES;
				CLANG_ENABLE_OBJC_WEAK = YES;
				CLANG_WARN_BLOCK_CAPTURE_AUTORELEASING = YES;
				CLANG_WARN_BOOL_CONVERSION = YES;
				CLANG_WARN_COMMA = YES;
				CLANG_WARN_CONSTANT_CONVERSION = YES;
				CLANG_WARN_DEPRECATED_OBJC_IMPLEMENTATIONS = YES;
				CLANG_WARN_DIRECT_OBJC_ISA_USAGE = YES_ERROR;
				CLANG_WARN_DOCUMENTATION_COMMENTS = YES;
				CLANG_WARN_EMPTY_BODY = YES;
				CLANG_WARN_ENUM_CONVERSION = YES;
				CLANG_WARN_INFINITE_RECURSION = YES;
				CLANG_WARN_INT_CONVERSION = YES;
				CLANG_WARN_NON_LITERAL_NULL_CONVERSION = YES;
				CLANG_WARN_OBJC_IMPLICIT_RETAIN_SELF = YES;
				CLANG_WARN_OBJC_LITERAL_CONVERSION = YES;
				CLANG_WARN_OBJC_ROOT_CLASS = YES_ERROR;
				CLANG_WARN_RANGE_LOOP_ANALYSIS = YES;
				CLANG_WARN_STRICT_PROTOTYPES = YES;
				CLANG_WARN_SUSPICIOUS_MOVE = YES;
				CLANG_WARN_UNGUARDED_AVAILABILITY = YES_AGGRESSIVE;
				CLANG_WARN_UNREACHABLE_CODE = YES;
				CLANG_WARN__DUPLICATE_METHOD_MATCH = YES;
				CODE_SIGN_IDENTITY = "iPhone Developer";
				COPY_PHASE_STRIP = NO;
				DEBUG_INFORMATION_FORMAT = "dwarf-with-dsym";
				ENABLE_NS_ASSERTIONS = NO;
				ENABLE_STRICT_OBJC_MSGSEND = YES;
				GCC_C_LANGUAGE_STANDARD = gnu11;
				GCC_NO_COMMON_BLOCKS = YES;
				GCC_WARN_64_TO_32_BIT_CONVERSION = YES;
				GCC_WARN_ABOUT_RETURN_TYPE = YES_ERROR;
				GCC_WARN_UNDECLARED_SELECTOR = YES;
				GCC_WARN_UNINITIALIZED_AUTOS = YES_AGGRESSIVE;
				GCC_WARN_UNUSED_FUNCTION = YES;
				GCC_WARN_UNUSED_VARIABLE = YES;
				IPHONEOS_DEPLOYMENT_TARGET = 12.1;
				MTL_ENABLE_DEBUG_INFO = NO;
				MTL_FAST_MATH = YES;
				SDKROOT = iphoneos;
				SWIFT_COMPILATION_MODE = wholemodule;
				SWIFT_OPTIMIZATION_LEVEL = "-O";
				VALIDATE_PRODUCT = YES;
			};
			name = Release;
		};
		893510462230DBD5000C8983 /* Debug */ = {
			isa = XCBuildConfiguration;
			baseConfigurationReference = C1E526318CFEA9EE0822AFBD /* Pods-ios_test.debug.xcconfig */;
			buildSettings = {
				ASSETCATALOG_COMPILER_APPICON_NAME = AppIcon;
				CODE_SIGN_STYLE = Automatic;
				INFOPLIST_FILE = ios_test/Info.plist;
				IPHONEOS_DEPLOYMENT_TARGET = 10.0;
				LD_RUNPATH_SEARCH_PATHS = (
					"$(inherited)",
					"@executable_path/Frameworks",
				);
				PRODUCT_BUNDLE_IDENTIFIER = "om.ios-test";
				PRODUCT_NAME = "$(TARGET_NAME)";
				SWIFT_VERSION = 4.2;
				TARGETED_DEVICE_FAMILY = "1,2";
			};
			name = Debug;
		};
		893510472230DBD5000C8983 /* Release */ = {
			isa = XCBuildConfiguration;
			baseConfigurationReference = 3D2CA49BE0BE9296E0948BC3 /* Pods-ios_test.release.xcconfig */;
			buildSettings = {
				ASSETCATALOG_COMPILER_APPICON_NAME = AppIcon;
				CODE_SIGN_STYLE = Automatic;
				INFOPLIST_FILE = ios_test/Info.plist;
				IPHONEOS_DEPLOYMENT_TARGET = 10.0;
				LD_RUNPATH_SEARCH_PATHS = (
					"$(inherited)",
					"@executable_path/Frameworks",
				);
				PRODUCT_BUNDLE_IDENTIFIER = "om.ios-test";
				PRODUCT_NAME = "$(TARGET_NAME)";
				SWIFT_VERSION = 4.2;
				TARGETED_DEVICE_FAMILY = "1,2";
			};
			name = Release;
		};
		8935107222310D36000C8983 /* Debug */ = {
			isa = XCBuildConfiguration;
			baseConfigurationReference = 04A5B38761860BF0004490A8 /* Pods-ios_testTests.debug.xcconfig */;
			buildSettings = {
				BUNDLE_LOADER = "$(TEST_HOST)";
				CODE_SIGN_STYLE = Automatic;
				INFOPLIST_FILE = ios_testTests/Info.plist;
				LD_RUNPATH_SEARCH_PATHS = (
					"$(inherited)",
					"@executable_path/Frameworks",
					"@loader_path/Frameworks",
				);
				PRODUCT_BUNDLE_IDENTIFIER = "om.ios-testTests";
				PRODUCT_NAME = "$(TARGET_NAME)";
				SWIFT_VERSION = 4.2;
				TARGETED_DEVICE_FAMILY = "1,2";
				TEST_HOST = "$(BUILT_PRODUCTS_DIR)/ios_test.app/ios_test";
			};
			name = Debug;
		};
		8935107322310D36000C8983 /* Release */ = {
			isa = XCBuildConfiguration;
			baseConfigurationReference = 0F347215D5F95B449B90452F /* Pods-ios_testTests.release.xcconfig */;
			buildSettings = {
				BUNDLE_LOADER = "$(TEST_HOST)";
				CODE_SIGN_STYLE = Automatic;
				INFOPLIST_FILE = ios_testTests/Info.plist;
				LD_RUNPATH_SEARCH_PATHS = (
					"$(inherited)",
					"@executable_path/Frameworks",
					"@loader_path/Frameworks",
				);
				PRODUCT_BUNDLE_IDENTIFIER = "om.ios-testTests";
				PRODUCT_NAME = "$(TARGET_NAME)";
				SWIFT_VERSION = 4.2;
				TARGETED_DEVICE_FAMILY = "1,2";
				TEST_HOST = "$(BUILT_PRODUCTS_DIR)/ios_test.app/ios_test";
			};
			name = Release;
		};
/* End XCBuildConfiguration section */

/* Begin XCConfigurationList section */
		8935102E2230DBD2000C8983 /* Build configuration list for PBXProject "ios_test" */ = {
			isa = XCConfigurationList;
			buildConfigurations = (
				893510432230DBD5000C8983 /* Debug */,
				893510442230DBD5000C8983 /* Release */,
			);
			defaultConfigurationIsVisible = 0;
			defaultConfigurationName = Release;
		};
		893510452230DBD5000C8983 /* Build configuration list for PBXNativeTarget "ios_test" */ = {
			isa = XCConfigurationList;
			buildConfigurations = (
				893510462230DBD5000C8983 /* Debug */,
				893510472230DBD5000C8983 /* Release */,
			);
			defaultConfigurationIsVisible = 0;
			defaultConfigurationName = Release;
		};
		8935107422310D36000C8983 /* Build configuration list for PBXNativeTarget "ios_testTests" */ = {
			isa = XCConfigurationList;
			buildConfigurations = (
				8935107222310D36000C8983 /* Debug */,
				8935107322310D36000C8983 /* Release */,
			);
			defaultConfigurationIsVisible = 0;
			defaultConfigurationName = Release;
		};
/* End XCConfigurationList section */
	};
	rootObject = 8935102B2230DBD2000C8983 /* Project object */;
}
